
Microsoft Visual Studio Solution File, Format Version 12.00
# Visual Studio Version 16
VisualStudioVersion = 16.0.31702.278
MinimumVisualStudioVersion = 10.0.40219.1
Project("{FAE04EC0-301F-11D3-BF4B-00C04F79EFBC}") = "Sourabh_WebApplication", "Sourabh_WebApplication.csproj", "{94222274-672B-4565-AA74-CBFDBF1186B0}"
EndProject
Global
	GlobalSection(SolutionConfigurationPlatforms) = preSolution
		Debug|Any CPU = Debug|Any CPU
		Release|Any CPU = Release|Any CPU
	EndGlobalSection
	GlobalSection(ProjectConfigurationPlatforms) = postSolution
		{94222274-672B-4565-AA74-CBFDBF1186B0}.Debug|Any CPU.ActiveCfg = Debug|Any CPU
		{94222274-672B-4565-AA74-CBFDBF1186B0}.Debug|Any CPU.Build.0 = Debug|Any CPU
		{94222274-672B-4565-AA74-CBFDBF1186B0}.Release|Any CPU.ActiveCfg = Release|Any CPU
		{94222274-672B-4565-AA74-CBFDBF1186B0}.Release|Any CPU.Build.0 = Release|Any CPU
	EndGlobalSection
	GlobalSection(SolutionProperties) = preSolution
		HideSolutionNode = FALSE
	EndGlobalSection
	GlobalSection(ExtensibilityGlobals) = postSolution
		SolutionGuid = {AA633CC3-144D-49B0-9640-248F5BB14CF4}
	EndGlobalSection
EndGlobal
